// !$*UTF8*$!
{
	archiveVersion = 1;
	classes = {
	};
	objectVersion = 56;
	objects = {

/* Begin PBXBuildFile section */
		AA000001 /* AudioBookApp.swift in Sources */ = {isa = PBXBuildFile; fileRef = AB000001 /* AudioBookApp.swift */; };
		AA000002 /* ContentView.swift in Sources */ = {isa = PBXBuildFile; fileRef = AB000002 /* ContentView.swift */; };
		AA000003 /* BookModel.swift in Sources */ = {isa = PBXBuildFile; fileRef = AB000003 /* BookModel.swift */; };
		AA000004 /* AudioPlayerManager.swift in Sources */ = {isa = PBXBuildFile; fileRef = AB000004 /* AudioPlayerManager.swift */; };
		AA000005 /* PageImageView.swift in Sources */ = {isa = PBXBuildFile; fileRef = AB000005 /* PageImageView.swift */; };
		AA000006 /* PlayerControlsView.swift in Sources */ = {isa = PBXBuildFile; fileRef = AB000006 /* PlayerControlsView.swift */; };
		AA000007 /* LibraryModel.swift in Sources */ = {isa = PBXBuildFile; fileRef = AB000007 /* LibraryModel.swift */; };
		AA000008 /* LibraryManager.swift in Sources */ = {isa = PBXBuildFile; fileRef = AB000008 /* LibraryManager.swift */; };
		AA000009 /* LibraryView.swift in Sources */ = {isa = PBXBuildFile; fileRef = AB000009 /* LibraryView.swift */; };
		AA000010 /* BookCardView.swift in Sources */ = {isa = PBXBuildFile; fileRef = AB000010 /* BookCardView.swift */; };
		AA000011 /* AddBookView.swift in Sources */ = {isa = PBXBuildFile; fileRef = AB000011 /* AddBookView.swift */; };
		AA000012 /* ViewerView.swift in Sources */ = {isa = PBXBuildFile; fileRef = AB000012 /* ViewerView.swift */; };
		AA000013 /* ReadingSettings.swift in Sources */ = {isa = PBXBuildFile; fileRef = AB000013 /* ReadingSettings.swift */; };
		AA000014 /* ReadingSettingsView.swift in Sources */ = {isa = PBXBuildFile; fileRef = AB000014 /* ReadingSettingsView.swift */; };
		AA000015 /* IrodoriTTSService.swift in Sources */ = {isa = PBXBuildFile; fileRef = AB000015 /* IrodoriTTSService.swift */; };
		AA000016 /* IrodoriChunkBuilder.swift in Sources */ = {isa = PBXBuildFile; fileRef = AB000016 /* IrodoriChunkBuilder.swift */; };
		AA000017 /* PlatformImage.swift in Sources */ = {isa = PBXBuildFile; fileRef = AB000017 /* PlatformImage.swift */; };
		AA000018 /* ZoomableContainer.swift in Sources */ = {isa = PBXBuildFile; fileRef = AB000018 /* ZoomableContainer.swift */; };
		AA000019 /* PageMarkdownView.swift in Sources */ = {isa = PBXBuildFile; fileRef = AB000019 /* PageMarkdownView.swift */; };
		AA000020 /* MarkdownParser.swift in Sources */ = {isa = PBXBuildFile; fileRef = AB000020 /* MarkdownParser.swift */; };
/* End PBXBuildFile section */

/* Begin PBXFileReference section */
		AB000001 /* AudioBookApp.swift */ = {isa = PBXFileReference; lastKnownFileType = sourcecode.swift; path = AudioBookApp.swift; sourceTree = "<group>"; };
		AB000002 /* ContentView.swift */ = {isa = PBXFileReference; lastKnownFileType = sourcecode.swift; path = ContentView.swift; sourceTree = "<group>"; };
		AB000003 /* BookModel.swift */ = {isa = PBXFileReference; lastKnownFileType = sourcecode.swift; path = BookModel.swift; sourceTree = "<group>"; };
		AB000004 /* AudioPlayerManager.swift */ = {isa = PBXFileReference; lastKnownFileType = sourcecode.swift; path = AudioPlayerManager.swift; sourceTree = "<group>"; };
		AB000005 /* PageImageView.swift */ = {isa = PBXFileReference; lastKnownFileType = sourcecode.swift; path = PageImageView.swift; sourceTree = "<group>"; };
		AB000006 /* PlayerControlsView.swift */ = {isa = PBXFileReference; lastKnownFileType = sourcecode.swift; path = PlayerControlsView.swift; sourceTree = "<group>"; };
		AB000007 /* LibraryModel.swift */ = {isa = PBXFileReference; lastKnownFileType = sourcecode.swift; path = LibraryModel.swift; sourceTree = "<group>"; };
		AB000008 /* LibraryManager.swift */ = {isa = PBXFileReference; lastKnownFileType = sourcecode.swift; path = LibraryManager.swift; sourceTree = "<group>"; };
		AB000009 /* LibraryView.swift */ = {isa = PBXFileReference; lastKnownFileType = sourcecode.swift; path = LibraryView.swift; sourceTree = "<group>"; };
		AB000010 /* BookCardView.swift */ = {isa = PBXFileReference; lastKnownFileType = sourcecode.swift; path = BookCardView.swift; sourceTree = "<group>"; };
		AB000011 /* AddBookView.swift */ = {isa = PBXFileReference; lastKnownFileType = sourcecode.swift; path = AddBookView.swift; sourceTree = "<group>"; };
		AB000012 /* ViewerView.swift */ = {isa = PBXFileReference; lastKnownFileType = sourcecode.swift; path = ViewerView.swift; sourceTree = "<group>"; };
		AB000013 /* ReadingSettings.swift */ = {isa = PBXFileReference; lastKnownFileType = sourcecode.swift; path = ReadingSettings.swift; sourceTree = "<group>"; };
		AB000014 /* ReadingSettingsView.swift */ = {isa = PBXFileReference; lastKnownFileType = sourcecode.swift; path = ReadingSettingsView.swift; sourceTree = "<group>"; };
		AB000015 /* IrodoriTTSService.swift */ = {isa = PBXFileReference; lastKnownFileType = sourcecode.swift; path = IrodoriTTSService.swift; sourceTree = "<group>"; };
		AB000016 /* IrodoriChunkBuilder.swift */ = {isa = PBXFileReference; lastKnownFileType = sourcecode.swift; path = IrodoriChunkBuilder.swift; sourceTree = "<group>"; };
		AB000017 /* PlatformImage.swift */ = {isa = PBXFileReference; lastKnownFileType = sourcecode.swift; path = PlatformImage.swift; sourceTree = "<group>"; };
		AB000018 /* ZoomableContainer.swift */ = {isa = PBXFileReference; lastKnownFileType = sourcecode.swift; path = ZoomableContainer.swift; sourceTree = "<group>"; };
		AB000019 /* PageMarkdownView.swift */ = {isa = PBXFileReference; lastKnownFileType = sourcecode.swift; path = PageMarkdownView.swift; sourceTree = "<group>"; };
		AB000020 /* MarkdownParser.swift */ = {isa = PBXFileReference; lastKnownFileType = sourcecode.swift; path = MarkdownParser.swift; sourceTree = "<group>"; };
		AC000001 /* AudioBookApp.app */ = {isa = PBXFileReference; explicitFileType = wrapper.application; includeInIndex = 0; path = AudioBookApp.app; sourceTree = BUILT_PRODUCTS_DIR; };
		AC000002 /* AudioBookApp.entitlements */ = {isa = PBXFileReference; lastKnownFileType = text.plist.entitlements; path = AudioBookApp.entitlements; sourceTree = "<group>"; };
/* End PBXFileReference section */

/* Begin PBXFrameworksBuildPhase section */
		AD000001 /* Frameworks */ = {
			isa = PBXFrameworksBuildPhase;
			buildActionMask = 2147483647;
			files = (
			);
			runOnlyForDeploymentPostprocessing = 0;
		};
/* End PBXFrameworksBuildPhase section */

/* Begin PBXGroup section */
		AE000001 = {
			isa = PBXGroup;
			children = (
				AE000002 /* AudioBookApp */,
				AE000003 /* Products */,
			);
			sourceTree = "<group>";
		};
		AE000002 /* AudioBookApp */ = {
			isa = PBXGroup;
			children = (
				AB000001 /* AudioBookApp.swift */,
				AC000002 /* AudioBookApp.entitlements */,
				AE000004 /* Views */,
				AE000005 /* Models */,
				AE000006 /* Audio */,
			);
			path = AudioBookApp;
			sourceTree = "<group>";
		};
		AE000003 /* Products */ = {
			isa = PBXGroup;
			children = (
				AC000001 /* AudioBookApp.app */,
			);
			name = Products;
			sourceTree = "<group>";
		};
		AE000004 /* Views */ = {
			isa = PBXGroup;
			children = (
				AB000002 /* ContentView.swift */,
				AB000005 /* PageImageView.swift */,
				AB000006 /* PlayerControlsView.swift */,
				AB000009 /* LibraryView.swift */,
				AB000010 /* BookCardView.swift */,
				AB000011 /* AddBookView.swift */,
				AB000012 /* ViewerView.swift */,
				AB000014 /* ReadingSettingsView.swift */,
				AB000017 /* PlatformImage.swift */,
				AB000018 /* ZoomableContainer.swift */,
				AB000019 /* PageMarkdownView.swift */,
			);
			path = Views;
			sourceTree = "<group>";
		};
		AE000005 /* Models */ = {
			isa = PBXGroup;
			children = (
				AB000003 /* BookModel.swift */,
				AB000020 /* MarkdownParser.swift */,
				AB000007 /* LibraryModel.swift */,
				AB000008 /* LibraryManager.swift */,
				AB000013 /* ReadingSettings.swift */,
			);
			path = Models;
			sourceTree = "<group>";
		};
		AE000006 /* Audio */ = {
			isa = PBXGroup;
			children = (
				AB000004 /* AudioPlayerManager.swift */,
				AB000015 /* IrodoriTTSService.swift */,
				AB000016 /* IrodoriChunkBuilder.swift */,
			);
			path = Audio;
			sourceTree = "<group>";
		};
/* End PBXGroup section */

/* Begin PBXNativeTarget section */
		AF000001 /* AudioBookApp */ = {
			isa = PBXNativeTarget;
			buildConfigurationList = B1000001 /* Build configuration list for PBXNativeTarget "AudioBookApp" */;
			buildPhases = (
				AF000002 /* Sources */,
				AD000001 /* Frameworks */,
			);
			buildRules = (
			);
			dependencies = (
			);
			name = AudioBookApp;
			productName = AudioBookApp;
			productReference = AC000001 /* AudioBookApp.app */;
			productType = "com.apple.product-type.application";
		};
/* End PBXNativeTarget section */

/* Begin PBXProject section */
		B0000001 /* Project object */ = {
			isa = PBXProject;
			attributes = {
				BuildIndependentTargetsInParallel = 1;
				LastSwiftUpdateCheck = 1600;
				LastUpgradeCheck = 1600;
			};
			buildConfigurationList = B1000002 /* Build configuration list for PBXProject "AudioBookApp" */;
			compatibilityVersion = "Xcode 14.0";
			developmentRegion = ja;
			hasScannedForEncodings = 0;
			knownRegions = (
				ja,
				Base,
			);
			mainGroup = AE000001;
			productRefGroup = AE000003 /* Products */;
			projectDirPath = "";
			projectRoot = "";
			targets = (
				AF000001 /* AudioBookApp */,
			);
		};
/* End PBXProject section */

/* Begin PBXSourcesBuildPhase section */
		AF000002 /* Sources */ = {
			isa = PBXSourcesBuildPhase;
			buildActionMask = 2147483647;
			files = (
				AA000001 /* AudioBookApp.swift in Sources */,
				AA000002 /* ContentView.swift in Sources */,
				AA000003 /* BookModel.swift in Sources */,
				AA000020 /* MarkdownParser.swift in Sources */,
				AA000004 /* AudioPlayerManager.swift in Sources */,
				AA000005 /* PageImageView.swift in Sources */,
				AA000006 /* PlayerControlsView.swift in Sources */,
				AA000007 /* LibraryModel.swift in Sources */,
				AA000008 /* LibraryManager.swift in Sources */,
				AA000009 /* LibraryView.swift in Sources */,
				AA000010 /* BookCardView.swift in Sources */,
				AA000011 /* AddBookView.swift in Sources */,
				AA000012 /* ViewerView.swift in Sources */,
				AA000013 /* ReadingSettings.swift in Sources */,
				AA000014 /* ReadingSettingsView.swift in Sources */,
				AA000015 /* IrodoriTTSService.swift in Sources */,
				AA000016 /* IrodoriChunkBuilder.swift in Sources */,
				AA000017 /* PlatformImage.swift in Sources */,
				AA000018 /* ZoomableContainer.swift in Sources */,
				AA000019 /* PageMarkdownView.swift in Sources */,
			);
			runOnlyForDeploymentPostprocessing = 0;
		};
/* End PBXSourcesBuildPhase section */

/* Begin XCBuildConfiguration section */
		B2000001 /* Debug */ = {
			isa = XCBuildConfiguration;
			buildSettings = {
				ALWAYS_SEARCH_USER_PATHS = NO;
				ASSETCATALOG_COMPILER_GENERATE_SWIFT_ASSET_SYMBOL_EXTENSIONS = YES;
				CLANG_ANALYZER_NONNULL = YES;
				CLANG_CXX_LANGUAGE_STANDARD = "gnu++20";
				CLANG_ENABLE_MODULES = YES;
				CLANG_ENABLE_OBJC_ARC = YES;
				COPY_PHASE_STRIP = NO;
				DEBUG_INFORMATION_FORMAT = dwarf;
				ENABLE_STRICT_OBJC_MSGSEND = YES;
				ENABLE_TESTABILITY = YES;
				GCC_DYNAMIC_NO_PIC = NO;
				GCC_OPTIMIZATION_LEVEL = 0;
				GCC_WARN_ABOUT_RETURN_TYPE = YES_ERROR;
				GCC_WARN_UNINITIALIZED_AUTOS = YES_AGGRESSIVE;
				IPHONEOS_DEPLOYMENT_TARGET = 17.0;
				MACOSX_DEPLOYMENT_TARGET = 15.0;
				MTL_ENABLE_DEBUG_INFO = INCLUDE_SOURCE;
				ONLY_ACTIVE_ARCH = YES;
				SWIFT_ACTIVE_COMPILATION_CONDITIONS = DEBUG;
				SWIFT_OPTIMIZATION_LEVEL = "-Onone";
			};
			name = Debug;
		};
		B2000002 /* Release */ = {
			isa = XCBuildConfiguration;
			buildSettings = {
				ALWAYS_SEARCH_USER_PATHS = NO;
				ASSETCATALOG_COMPILER_GENERATE_SWIFT_ASSET_SYMBOL_EXTENSIONS = YES;
				CLANG_ANALYZER_NONNULL = YES;
				CLANG_CXX_LANGUAGE_STANDARD = "gnu++20";
				CLANG_ENABLE_MODULES = YES;
				CLANG_ENABLE_OBJC_ARC = YES;
				COPY_PHASE_STRIP = NO;
				DEBUG_INFORMATION_FORMAT = "dwarf-with-dsym";
				ENABLE_NS_ASSERTIONS = NO;
				ENABLE_STRICT_OBJC_MSGSEND = YES;
				GCC_WARN_ABOUT_RETURN_TYPE = YES_ERROR;
				GCC_WARN_UNINITIALIZED_AUTOS = YES_AGGRESSIVE;
				IPHONEOS_DEPLOYMENT_TARGET = 17.0;
				MACOSX_DEPLOYMENT_TARGET = 15.0;
				MTL_ENABLE_DEBUG_INFO = NO;
				SWIFT_COMPILATION_MODE = wholemodule;
				SWIFT_OPTIMIZATION_LEVEL = "-O";
			};
			name = Release;
		};
		B2000003 /* Debug */ = {
			isa = XCBuildConfiguration;
			buildSettings = {
				ASSETCATALOG_COMPILER_APPICON_NAME = AppIcon;
				"CODE_SIGN_ENTITLEMENTS[sdk=macosx*]" = AudioBookApp/AudioBookApp.entitlements;
				CODE_SIGN_STYLE = Automatic;
				COMBINE_HIDPI_IMAGES = YES;
				DEVELOPMENT_TEAM = UM6G5KMBMX;
				GENERATE_INFOPLIST_FILE = YES;
				INFOPLIST_FILE = AudioBookApp/Info.plist;
				INFOPLIST_KEY_NSHumanReadableCopyright = "";
				"INFOPLIST_KEY_NSPrincipalClass[sdk=macosx*]" = NSApplication;
				INFOPLIST_KEY_UIBackgroundModes = audio;
				IPHONEOS_DEPLOYMENT_TARGET = 17.0;
				LD_RUNPATH_SEARCH_PATHS = (
					"$(inherited)",
					"@executable_path/Frameworks",
					"@executable_path/../Frameworks",
				);
				MACOSX_DEPLOYMENT_TARGET = 15.0;
				PRODUCT_BUNDLE_IDENTIFIER = dev.yoshiaki.AudioBookApp;
				PRODUCT_NAME = "$(TARGET_NAME)";
				SUPPORTED_PLATFORMS = "iphoneos iphonesimulator macosx";
				SUPPORTS_MACCATALYST = NO;
				SWIFT_EMIT_LOC_STRINGS = YES;
				SWIFT_VERSION = 6.0;
				TARGETED_DEVICE_FAMILY = "1,2";
			};
			name = Debug;
		};
		B2000004 /* Release */ = {
			isa = XCBuildConfiguration;
			buildSettings = {
				ASSETCATALOG_COMPILER_APPICON_NAME = AppIcon;
				"CODE_SIGN_ENTITLEMENTS[sdk=macosx*]" = AudioBookApp/AudioBookApp.entitlements;
				CODE_SIGN_STYLE = Automatic;
				COMBINE_HIDPI_IMAGES = YES;
				DEVELOPMENT_TEAM = UM6G5KMBMX;
				GENERATE_INFOPLIST_FILE = YES;
				INFOPLIST_FILE = AudioBookApp/Info.plist;
				INFOPLIST_KEY_NSHumanReadableCopyright = "";
				"INFOPLIST_KEY_NSPrincipalClass[sdk=macosx*]" = NSApplication;
				INFOPLIST_KEY_UIBackgroundModes = audio;
				IPHONEOS_DEPLOYMENT_TARGET = 17.0;
				LD_RUNPATH_SEARCH_PATHS = (
					"$(inherited)",
					"@executable_path/Frameworks",
					"@executable_path/../Frameworks",
				);
				MACOSX_DEPLOYMENT_TARGET = 15.0;
				PRODUCT_BUNDLE_IDENTIFIER = dev.yoshiaki.AudioBookApp;
				PRODUCT_NAME = "$(TARGET_NAME)";
				SUPPORTED_PLATFORMS = "iphoneos iphonesimulator macosx";
				SUPPORTS_MACCATALYST = NO;
				SWIFT_EMIT_LOC_STRINGS = YES;
				SWIFT_VERSION = 6.0;
				TARGETED_DEVICE_FAMILY = "1,2";
			};
			name = Release;
		};
/* End XCBuildConfiguration section */

/* Begin XCConfigurationList section */
		B1000001 /* Build configuration list for PBXNativeTarget "AudioBookApp" */ = {
			isa = XCConfigurationList;
			buildConfigurations = (
				B2000003 /* Debug */,
				B2000004 /* Release */,
			);
			defaultConfigurationIsVisible = 0;
			defaultConfigurationName = Release;
		};
		B1000002 /* Build configuration list for PBXProject "AudioBookApp" */ = {
			isa = XCConfigurationList;
			buildConfigurations = (
				B2000001 /* Debug */,
				B2000002 /* Release */,
			);
			defaultConfigurationIsVisible = 0;
			defaultConfigurationName = Release;
		};
/* End XCConfigurationList section */
	};
	rootObject = B0000001 /* Project object */;
}
